// !$*UTF8*$!
{
	archiveVersion = 1;
	classes = {
	};
	objectVersion = 50;
	objects = {

/* Begin PBXBuildFile section */
		AAB874FD0B171C468E1EF14A /* Pods_LoveNews.framework in Frameworks */ = {isa = PBXBuildFile; fileRef = 1522391730E14B5F4CF040FC /* Pods_LoveNews.framework */; };
		BF1682F0209C551600767563 /* LNHotCommentModel.swift in Sources */ = {isa = PBXBuildFile; fileRef = BF1682EF209C551600767563 /* LNHotCommentModel.swift */; };
		BF1682FD209FEF4A00767563 /* LNVideoCollectionViewCell.swift in Sources */ = {isa = PBXBuildFile; fileRef = BF1682FC209FEF4A00767563 /* LNVideoCollectionViewCell.swift */; };
		BF16830020A0217500767563 /* LNLiveModel.swift in Sources */ = {isa = PBXBuildFile; fileRef = BF1682FF20A0217500767563 /* LNLiveModel.swift */; };
		BF1E99AA209AA6980070A620 /* LNHomeDetailController.swift in Sources */ = {isa = PBXBuildFile; fileRef = BF1E99A9209AA6980070A620 /* LNHomeDetailController.swift */; };
		BF1E99AE209ADC820070A620 /* LNBaseViewController.swift in Sources */ = {isa = PBXBuildFile; fileRef = BF1E99AD209ADC820070A620 /* LNBaseViewController.swift */; };
		BF1E99B0209AE3260070A620 /* LNHomeDetailModel.swift in Sources */ = {isa = PBXBuildFile; fileRef = BF1E99AF209AE3260070A620 /* LNHomeDetailModel.swift */; };
		BF1E99B3209AFAB40070A620 /* LNMovieItroduceView.swift in Sources */ = {isa = PBXBuildFile; fileRef = BF1E99B2209AFAB40070A620 /* LNMovieItroduceView.swift */; };
		BF1E99B5209B177B0070A620 /* String+Category.swift in Sources */ = {isa = PBXBuildFile; fileRef = BF1E99B4209B177B0070A620 /* String+Category.swift */; };
		BF443BA4209BFAD900620154 /* UIView +Category.swift in Sources */ = {isa = PBXBuildFile; fileRef = BF443BA3209BFAD900620154 /* UIView +Category.swift */; };
		BF443BA6209BFFCD00620154 /* LNActorsItemView.swift in Sources */ = {isa = PBXBuildFile; fileRef = BF443BA5209BFFCD00620154 /* LNActorsItemView.swift */; };
		BF443BAB209C471700620154 /* LNStoryView.swift in Sources */ = {isa = PBXBuildFile; fileRef = BF443BAA209C471700620154 /* LNStoryView.swift */; };
		BF443BAE209C4C7300620154 /* LNCommentCell.swift in Sources */ = {isa = PBXBuildFile; fileRef = BF443BAD209C4C7300620154 /* LNCommentCell.swift */; };
		BF9F49B6209415C80001F43D /* DRCGlobalDefine.swift in Sources */ = {isa = PBXBuildFile; fileRef = BF9F49B5209415C80001F43D /* DRCGlobalDefine.swift */; };
		BF9F49B8209417BA0001F43D /* UIColor+Category.swift in Sources */ = {isa = PBXBuildFile; fileRef = BF9F49B7209417BA0001F43D /* UIColor+Category.swift */; };
		BF9F49C4209424150001F43D /* ES.swift in Sources */ = {isa = PBXBuildFile; fileRef = BF9F49BA209424140001F43D /* ES.swift */; };
		BF9F49C5209424150001F43D /* ESPullToRefresh.swift in Sources */ = {isa = PBXBuildFile; fileRef = BF9F49BB209424140001F43D /* ESPullToRefresh.swift */; };
		BF9F49C6209424150001F43D /* ESRefreshProtocol.swift in Sources */ = {isa = PBXBuildFile; fileRef = BF9F49BC209424140001F43D /* ESRefreshProtocol.swift */; };
		BF9F49C7209424150001F43D /* ESRefreshComponent.swift in Sources */ = {isa = PBXBuildFile; fileRef = BF9F49BD209424140001F43D /* ESRefreshComponent.swift */; };
		BF9F49C8209424150001F43D /* ESRefreshAnimator.swift in Sources */ = {isa = PBXBuildFile; fileRef = BF9F49BE209424150001F43D /* ESRefreshAnimator.swift */; };
		BF9F49C9209424150001F43D /* ESRefreshHeaderAnimator.swift in Sources */ = {isa = PBXBuildFile; fileRef = BF9F49C0209424150001F43D /* ESRefreshHeaderAnimator.swift */; };
		BF9F49CA209424150001F43D /* icon_pull_to_refresh_arrow@2x.png in Resources */ = {isa = PBXBuildFile; fileRef = BF9F49C1209424150001F43D /* icon_pull_to_refresh_arrow@2x.png */; };
		BF9F49CB209424150001F43D /* ESRefreshFooterAnimator.swift in Sources */ = {isa = PBXBuildFile; fileRef = BF9F49C2209424150001F43D /* ESRefreshFooterAnimator.swift */; };
		BF9F49CC209424150001F43D /* ESPullToRefresh+Manager.swift in Sources */ = {isa = PBXBuildFile; fileRef = BF9F49C3209424150001F43D /* ESPullToRefresh+Manager.swift */; };
		BF9F49D120945D280001F43D /* LNVideoViewController.swift in Sources */ = {isa = PBXBuildFile; fileRef = BF9F49D020945D280001F43D /* LNVideoViewController.swift */; };
		BFA5CD5C209BF319004DFA01 /* LNActorsView.swift in Sources */ = {isa = PBXBuildFile; fileRef = BFA5CD5B209BF319004DFA01 /* LNActorsView.swift */; };
		BFAA1AA02085CCDC00B088B3 /* AppDelegate.swift in Sources */ = {isa = PBXBuildFile; fileRef = BFAA1A9F2085CCDC00B088B3 /* AppDelegate.swift */; };
		BFAA1AA22085CCDC00B088B3 /* ViewController.swift in Sources */ = {isa = PBXBuildFile; fileRef = BFAA1AA12085CCDC00B088B3 /* ViewController.swift */; };
		BFAA1AA72085CCDD00B088B3 /* Assets.xcassets in Resources */ = {isa = PBXBuildFile; fileRef = BFAA1AA62085CCDD00B088B3 /* Assets.xcassets */; };
		BFAA1AAA2085CCDD00B088B3 /* LaunchScreen.storyboard in Resources */ = {isa = PBXBuildFile; fileRef = BFAA1AA82085CCDD00B088B3 /* LaunchScreen.storyboard */; };
		BFAA1AB52085CCDD00B088B3 /* LoveNewsTests.swift in Sources */ = {isa = PBXBuildFile; fileRef = BFAA1AB42085CCDD00B088B3 /* LoveNewsTests.swift */; };
		BFAA1AC02085CCDD00B088B3 /* LoveNewsUITests.swift in Sources */ = {isa = PBXBuildFile; fileRef = BFAA1ABF2085CCDD00B088B3 /* LoveNewsUITests.swift */; };
		BFAA1ACF2085D26C00B088B3 /* LNTabBarController.swift in Sources */ = {isa = PBXBuildFile; fileRef = BFAA1ACE2085D26C00B088B3 /* LNTabBarController.swift */; };
		BFAA1AD62085D4A600B088B3 /* LNMallViewController.swift in Sources */ = {isa = PBXBuildFile; fileRef = BFAA1AD52085D4A600B088B3 /* LNMallViewController.swift */; };
		BFAA1AD82085D4C500B088B3 /* LNPersonalCenterViewController.swift in Sources */ = {isa = PBXBuildFile; fileRef = BFAA1AD72085D4C500B088B3 /* LNPersonalCenterViewController.swift */; };
		BFCE143F208DBC4B003FEB5E /* HomeListCell.swift in Sources */ = {isa = PBXBuildFile; fileRef = BFCE143E208DBC4B003FEB5E /* HomeListCell.swift */; };
		BFCE1442208DBCCA003FEB5E /* HotPlayModel.swift in Sources */ = {isa = PBXBuildFile; fileRef = BFCE1441208DBCCA003FEB5E /* HotPlayModel.swift */; };
		BFCE144C208F00D3003FEB5E /* LNHomeViewController.swift in Sources */ = {isa = PBXBuildFile; fileRef = BFCE144B208F00D3003FEB5E /* LNHomeViewController.swift */; };
/* End PBXBuildFile section */

/* Begin PBXContainerItemProxy section */
		BFAA1AB12085CCDD00B088B3 /* PBXContainerItemProxy */ = {
			isa = PBXContainerItemProxy;
			containerPortal = BFAA1A942085CCDB00B088B3 /* Project object */;
			proxyType = 1;
			remoteGlobalIDString = BFAA1A9B2085CCDC00B088B3;
			remoteInfo = LoveNews;
		};
		BFAA1ABC2085CCDD00B088B3 /* PBXContainerItemProxy */ = {
			isa = PBXContainerItemProxy;
			containerPortal = BFAA1A942085CCDB00B088B3 /* Project object */;
			proxyType = 1;
			remoteGlobalIDString = BFAA1A9B2085CCDC00B088B3;
			remoteInfo = LoveNews;
		};
/* End PBXContainerItemProxy section */

/* Begin PBXFileReference section */
		1522391730E14B5F4CF040FC /* Pods_LoveNews.framework */ = {isa = PBXFileReference; explicitFileType = wrapper.framework; includeInIndex = 0; path = Pods_LoveNews.framework; sourceTree = BUILT_PRODUCTS_DIR; };
		9F2088907641687F1C17F101 /* Pods-LoveNews.debug.xcconfig */ = {isa = PBXFileReference; includeInIndex = 1; lastKnownFileType = text.xcconfig; name = "Pods-LoveNews.debug.xcconfig"; path = "Pods/Target Support Files/Pods-LoveNews/Pods-LoveNews.debug.xcconfig"; sourceTree = "<group>"; };
		BF1682EF209C551600767563 /* LNHotCommentModel.swift */ = {isa = PBXFileReference; fileEncoding = 4; lastKnownFileType = sourcecode.swift; path = LNHotCommentModel.swift; sourceTree = "<group>"; };
		BF1682F7209C5ECA00767563 /* LoveNews-Bridging-Header.h */ = {isa = PBXFileReference; lastKnownFileType = sourcecode.c.h; path = "LoveNews-Bridging-Header.h"; sourceTree = "<group>"; };
		BF1682FC209FEF4A00767563 /* LNVideoCollectionViewCell.swift */ = {isa = PBXFileReference; lastKnownFileType = sourcecode.swift; path = LNVideoCollectionViewCell.swift; sourceTree = "<group>"; };
		BF1682FF20A0217500767563 /* LNLiveModel.swift */ = {isa = PBXFileReference; lastKnownFileType = sourcecode.swift; path = LNLiveModel.swift; sourceTree = "<group>"; };
		BF1E99A9209AA6980070A620 /* LNHomeDetailController.swift */ = {isa = PBXFileReference; lastKnownFileType = sourcecode.swift; path = LNHomeDetailController.swift; sourceTree = "<group>"; };
		BF1E99AD209ADC820070A620 /* LNBaseViewController.swift */ = {isa = PBXFileReference; lastKnownFileType = sourcecode.swift; path = LNBaseViewController.swift; sourceTree = "<group>"; };
		BF1E99AF209AE3260070A620 /* LNHomeDetailModel.swift */ = {isa = PBXFileReference; lastKnownFileType = sourcecode.swift; path = LNHomeDetailModel.swift; sourceTree = "<group>"; };
		BF1E99B2209AFAB40070A620 /* LNMovieItroduceView.swift */ = {isa = PBXFileReference; lastKnownFileType = sourcecode.swift; path = LNMovieItroduceView.swift; sourceTree = "<group>"; };
		BF1E99B4209B177B0070A620 /* String+Category.swift */ = {isa = PBXFileReference; lastKnownFileType = sourcecode.swift; path = "String+Category.swift"; sourceTree = "<group>"; };
		BF443BA3209BFAD900620154 /* UIView +Category.swift */ = {isa = PBXFileReference; lastKnownFileType = sourcecode.swift; path = "UIView +Category.swift"; sourceTree = "<group>"; };
		BF443BA5209BFFCD00620154 /* LNActorsItemView.swift */ = {isa = PBXFileReference; lastKnownFileType = sourcecode.swift; path = LNActorsItemView.swift; sourceTree = "<group>"; };
		BF443BAA209C471700620154 /* LNStoryView.swift */ = {isa = PBXFileReference; lastKnownFileType = sourcecode.swift; path = LNStoryView.swift; sourceTree = "<group>"; };
		BF443BAD209C4C7300620154 /* LNCommentCell.swift */ = {isa = PBXFileReference; lastKnownFileType = sourcecode.swift; path = LNCommentCell.swift; sourceTree = "<group>"; };
		BF9F49B5209415C80001F43D /* DRCGlobalDefine.swift */ = {isa = PBXFileReference; lastKnownFileType = sourcecode.swift; path = DRCGlobalDefine.swift; sourceTree = "<group>"; };
		BF9F49B7209417BA0001F43D /* UIColor+Category.swift */ = {isa = PBXFileReference; lastKnownFileType = sourcecode.swift; path = "UIColor+Category.swift"; sourceTree = "<group>"; };
		BF9F49BA209424140001F43D /* ES.swift */ = {isa = PBXFileReference; fileEncoding = 4; lastKnownFileType = sourcecode.swift; path = ES.swift; sourceTree = "<group>"; };
		BF9F49BB209424140001F43D /* ESPullToRefresh.swift */ = {isa = PBXFileReference; fileEncoding = 4; lastKnownFileType = sourcecode.swift; path = ESPullToRefresh.swift; sourceTree = "<group>"; };
		BF9F49BC209424140001F43D /* ESRefreshProtocol.swift */ = {isa = PBXFileReference; fileEncoding = 4; lastKnownFileType = sourcecode.swift; path = ESRefreshProtocol.swift; sourceTree = "<group>"; };
		BF9F49BD209424140001F43D /* ESRefreshComponent.swift */ = {isa = PBXFileReference; fileEncoding = 4; lastKnownFileType = sourcecode.swift; path = ESRefreshComponent.swift; sourceTree = "<group>"; };
		BF9F49BE209424150001F43D /* ESRefreshAnimator.swift */ = {isa = PBXFileReference; fileEncoding = 4; lastKnownFileType = sourcecode.swift; path = ESRefreshAnimator.swift; sourceTree = "<group>"; };
		BF9F49C0209424150001F43D /* ESRefreshHeaderAnimator.swift */ = {isa = PBXFileReference; fileEncoding = 4; lastKnownFileType = sourcecode.swift; path = ESRefreshHeaderAnimator.swift; sourceTree = "<group>"; };
		BF9F49C1209424150001F43D /* icon_pull_to_refresh_arrow@2x.png */ = {isa = PBXFileReference; lastKnownFileType = image.png; path = "icon_pull_to_refresh_arrow@2x.png"; sourceTree = "<group>"; };
		BF9F49C2209424150001F43D /* ESRefreshFooterAnimator.swift */ = {isa = PBXFileReference; fileEncoding = 4; lastKnownFileType = sourcecode.swift; path = ESRefreshFooterAnimator.swift; sourceTree = "<group>"; };
		BF9F49C3209424150001F43D /* ESPullToRefresh+Manager.swift */ = {isa = PBXFileReference; fileEncoding = 4; lastKnownFileType = sourcecode.swift; path = "ESPullToRefresh+Manager.swift"; sourceTree = "<group>"; };
		BF9F49D020945D280001F43D /* LNVideoViewController.swift */ = {isa = PBXFileReference; lastKnownFileType = sourcecode.swift; path = LNVideoViewController.swift; sourceTree = "<group>"; };
		BFA5CD5B209BF319004DFA01 /* LNActorsView.swift */ = {isa = PBXFileReference; lastKnownFileType = sourcecode.swift; path = LNActorsView.swift; sourceTree = "<group>"; };
		BFAA1A9C2085CCDC00B088B3 /* LoveNews.app */ = {isa = PBXFileReference; explicitFileType = wrapper.application; includeInIndex = 0; path = LoveNews.app; sourceTree = BUILT_PRODUCTS_DIR; };
		BFAA1A9F2085CCDC00B088B3 /* AppDelegate.swift */ = {isa = PBXFileReference; lastKnownFileType = sourcecode.swift; path = AppDelegate.swift; sourceTree = "<group>"; };
		BFAA1AA12085CCDC00B088B3 /* ViewController.swift */ = {isa = PBXFileReference; lastKnownFileType = sourcecode.swift; path = ViewController.swift; sourceTree = "<group>"; };
		BFAA1AA62085CCDD00B088B3 /* Assets.xcassets */ = {isa = PBXFileReference; lastKnownFileType = folder.assetcatalog; path = Assets.xcassets; sourceTree = "<group>"; };
		BFAA1AA92085CCDD00B088B3 /* Base */ = {isa = PBXFileReference; lastKnownFileType = file.storyboard; name = Base; path = Base.lproj/LaunchScreen.storyboard; sourceTree = "<group>"; };
		BFAA1AAB2085CCDD00B088B3 /* Info.plist */ = {isa = PBXFileReference; lastKnownFileType = text.plist.xml; path = Info.plist; sourceTree = "<group>"; };
		BFAA1AB02085CCDD00B088B3 /* LoveNewsTests.xctest */ = {isa = PBXFileReference; explicitFileType = wrapper.cfbundle; includeInIndex = 0; path = LoveNewsTests.xctest; sourceTree = BUILT_PRODUCTS_DIR; };
		BFAA1AB42085CCDD00B088B3 /* LoveNewsTests.swift */ = {isa = PBXFileReference; lastKnownFileType = sourcecode.swift; path = LoveNewsTests.swift; sourceTree = "<group>"; };
		BFAA1AB62085CCDD00B088B3 /* Info.plist */ = {isa = PBXFileReference; lastKnownFileType = text.plist.xml; path = Info.plist; sourceTree = "<group>"; };
		BFAA1ABB2085CCDD00B088B3 /* LoveNewsUITests.xctest */ = {isa = PBXFileReference; explicitFileType = wrapper.cfbundle; includeInIndex = 0; path = LoveNewsUITests.xctest; sourceTree = BUILT_PRODUCTS_DIR; };
		BFAA1ABF2085CCDD00B088B3 /* LoveNewsUITests.swift */ = {isa = PBXFileReference; lastKnownFileType = sourcecode.swift; path = LoveNewsUITests.swift; sourceTree = "<group>"; };
		BFAA1AC12085CCDD00B088B3 /* Info.plist */ = {isa = PBXFileReference; lastKnownFileType = text.plist.xml; path = Info.plist; sourceTree = "<group>"; };
		BFAA1ACE2085D26C00B088B3 /* LNTabBarController.swift */ = {isa = PBXFileReference; lastKnownFileType = sourcecode.swift; path = LNTabBarController.swift; sourceTree = "<group>"; };
		BFAA1AD52085D4A600B088B3 /* LNMallViewController.swift */ = {isa = PBXFileReference; lastKnownFileType = sourcecode.swift; path = LNMallViewController.swift; sourceTree = "<group>"; };
		BFAA1AD72085D4C500B088B3 /* LNPersonalCenterViewController.swift */ = {isa = PBXFileReference; lastKnownFileType = sourcecode.swift; path = LNPersonalCenterViewController.swift; sourceTree = "<group>"; };
		BFCE143E208DBC4B003FEB5E /* HomeListCell.swift */ = {isa = PBXFileReference; lastKnownFileType = sourcecode.swift; path = HomeListCell.swift; sourceTree = "<group>"; };
		BFCE1441208DBCCA003FEB5E /* HotPlayModel.swift */ = {isa = PBXFileReference; lastKnownFileType = sourcecode.swift; path = HotPlayModel.swift; sourceTree = "<group>"; };
		BFCE144B208F00D3003FEB5E /* LNHomeViewController.swift */ = {isa = PBXFileReference; fileEncoding = 4; lastKnownFileType = sourcecode.swift; path = LNHomeViewController.swift; sourceTree = "<group>"; };
		EDF3A2260EB8908D2915F994 /* Pods-LoveNews.release.xcconfig */ = {isa = PBXFileReference; includeInIndex = 1; lastKnownFileType = text.xcconfig; name = "Pods-LoveNews.release.xcconfig"; path = "Pods/Target Support Files/Pods-LoveNews/Pods-LoveNews.release.xcconfig"; sourceTree = "<group>"; };
/* End PBXFileReference section */

/* Begin PBXFrameworksBuildPhase section */
		BFAA1A992085CCDC00B088B3 /* Frameworks */ = {
			isa = PBXFrameworksBuildPhase;
			buildActionMask = 2147483647;
			files = (
				AAB874FD0B171C468E1EF14A /* Pods_LoveNews.framework in Frameworks */,
			);
			runOnlyForDeploymentPostprocessing = 0;
		};
		BFAA1AAD2085CCDD00B088B3 /* Frameworks */ = {
			isa = PBXFrameworksBuildPhase;
			buildActionMask = 2147483647;
			files = (
			);
			runOnlyForDeploymentPostprocessing = 0;
		};
		BFAA1AB82085CCDD00B088B3 /* Frameworks */ = {
			isa = PBXFrameworksBuildPhase;
			buildActionMask = 2147483647;
			files = (
			);
			runOnlyForDeploymentPostprocessing = 0;
		};
/* End PBXFrameworksBuildPhase section */

/* Begin PBXGroup section */
		27F2BE8D4A89AA56AEC195C3 /* Frameworks */ = {
			isa = PBXGroup;
			children = (
				1522391730E14B5F4CF040FC /* Pods_LoveNews.framework */,
			);
			name = Frameworks;
			sourceTree = "<group>";
		};
		ADA004EA0A9B5FFBEBFF9B3B /* Pods */ = {
			isa = PBXGroup;
			children = (
				9F2088907641687F1C17F101 /* Pods-LoveNews.debug.xcconfig */,
				EDF3A2260EB8908D2915F994 /* Pods-LoveNews.release.xcconfig */,
			);
			name = Pods;
			sourceTree = "<group>";
		};
		BF1682FB209FEF1800767563 /* View */ = {
			isa = PBXGroup;
			children = (
				BF1682FC209FEF4A00767563 /* LNVideoCollectionViewCell.swift */,
			);
			path = View;
			sourceTree = "<group>";
		};
		BF1682FE20A01FDC00767563 /* Model */ = {
			isa = PBXGroup;
			children = (
				BF1682FF20A0217500767563 /* LNLiveModel.swift */,
			);
			path = Model;
			sourceTree = "<group>";
		};
		BF1E99AC209ADC6C0070A620 /* Base */ = {
			isa = PBXGroup;
			children = (
				BF1E99AD209ADC820070A620 /* LNBaseViewController.swift */,
			);
			path = Base;
			sourceTree = "<group>";
		};
		BF1E99B1209AFA420070A620 /* MovieIntroduceView */ = {
			isa = PBXGroup;
			children = (
				BF1E99B2209AFAB40070A620 /* LNMovieItroduceView.swift */,
			);
			path = MovieIntroduceView;
			sourceTree = "<group>";
		};
		BF443BA9209C46E900620154 /* StoryView */ = {
			isa = PBXGroup;
			children = (
				BF443BAA209C471700620154 /* LNStoryView.swift */,
			);
			path = StoryView;
			sourceTree = "<group>";
		};
		BF443BAC209C4B8C00620154 /* CommentCell */ = {
			isa = PBXGroup;
			children = (
				BF443BAD209C4C7300620154 /* LNCommentCell.swift */,
			);
			path = CommentCell;
			sourceTree = "<group>";
		};
		BF9F49B2209415460001F43D /* Common */ = {
			isa = PBXGroup;
			children = (
				BF9F49B9209422B40001F43D /* PullToRefresh */,
				BF9F49B4209415670001F43D /* Define */,
				BF9F49B3209415520001F43D /* Categories */,
			);
			path = Common;
			sourceTree = "<group>";
		};
		BF9F49B3209415520001F43D /* Categories */ = {
			isa = PBXGroup;
			children = (
				BF9F49B7209417BA0001F43D /* UIColor+Category.swift */,
				BF1E99B4209B177B0070A620 /* String+Category.swift */,
				BF443BA3209BFAD900620154 /* UIView +Category.swift */,
			);
			path = Categories;
			sourceTree = "<group>";
		};
		BF9F49B4209415670001F43D /* Define */ = {
			isa = PBXGroup;
			children = (
				BF9F49B5209415C80001F43D /* DRCGlobalDefine.swift */,
				BF1682F7209C5ECA00767563 /* LoveNews-Bridging-Header.h */,
			);
			path = Define;
			sourceTree = "<group>";
		};
		BF9F49B9209422B40001F43D /* PullToRefresh */ = {
			isa = PBXGroup;
			children = (
				BF9F49BF209424150001F43D /* Animator */,
				BF9F49BA209424140001F43D /* ES.swift */,
				BF9F49BB209424140001F43D /* ESPullToRefresh.swift */,
				BF9F49C3209424150001F43D /* ESPullToRefresh+Manager.swift */,
				BF9F49BE209424150001F43D /* ESRefreshAnimator.swift */,
				BF9F49BD209424140001F43D /* ESRefreshComponent.swift */,
				BF9F49BC209424140001F43D /* ESRefreshProtocol.swift */,
			);
			path = PullToRefresh;
			sourceTree = "<group>";
		};
		BF9F49BF209424150001F43D /* Animator */ = {
			isa = PBXGroup;
			children = (
				BF9F49C0209424150001F43D /* ESRefreshHeaderAnimator.swift */,
				BF9F49C1209424150001F43D /* icon_pull_to_refresh_arrow@2x.png */,
				BF9F49C2209424150001F43D /* ESRefreshFooterAnimator.swift */,
			);
			path = Animator;
			sourceTree = "<group>";
		};
		BF9F49CF20945CFB0001F43D /* Video */ = {
			isa = PBXGroup;
			children = (
				BF1682FE20A01FDC00767563 /* Model */,
				BF1682FB209FEF1800767563 /* View */,
				BF9F49D020945D280001F43D /* LNVideoViewController.swift */,
			);
			path = Video;
			sourceTree = "<group>";
		};
		BFA5CD5A209BF2FA004DFA01 /* ActorsView */ = {
			isa = PBXGroup;
			children = (
				BFA5CD5B209BF319004DFA01 /* LNActorsView.swift */,
				BF443BA5209BFFCD00620154 /* LNActorsItemView.swift */,
			);
			path = ActorsView;
			sourceTree = "<group>";
		};
		BFAA1A932085CCDB00B088B3 = {
			isa = PBXGroup;
			children = (
				BFAA1A9E2085CCDC00B088B3 /* LoveNews */,
				BFAA1AB32085CCDD00B088B3 /* LoveNewsTests */,
				BFAA1ABE2085CCDD00B088B3 /* LoveNewsUITests */,
				BFAA1A9D2085CCDC00B088B3 /* Products */,
				ADA004EA0A9B5FFBEBFF9B3B /* Pods */,
				27F2BE8D4A89AA56AEC195C3 /* Frameworks */,
			);
			sourceTree = "<group>";
		};
		BFAA1A9D2085CCDC00B088B3 /* Products */ = {
			isa = PBXGroup;
			children = (
				BFAA1A9C2085CCDC00B088B3 /* LoveNews.app */,
				BFAA1AB02085CCDD00B088B3 /* LoveNewsTests.xctest */,
				BFAA1ABB2085CCDD00B088B3 /* LoveNewsUITests.xctest */,
			);
			name = Products;
			sourceTree = "<group>";
		};
		BFAA1A9E2085CCDC00B088B3 /* LoveNews */ = {
			isa = PBXGroup;
			children = (
				BF1E99AC209ADC6C0070A620 /* Base */,
				BFAA1AD12085D34800B088B3 /* Homepage */,
				BF9F49CF20945CFB0001F43D /* Video */,
				BFAA1AD42085D43A00B088B3 /* Mall */,
				BFAA1AD32085D36000B088B3 /* PersonalCenter */,
				BF9F49B2209415460001F43D /* Common */,
				BFAA1ACD2085D1F100B088B3 /* Tabbar */,
				BFAA1A9F2085CCDC00B088B3 /* AppDelegate.swift */,
				BFAA1AA12085CCDC00B088B3 /* ViewController.swift */,
				BFAA1AA62085CCDD00B088B3 /* Assets.xcassets */,
				BFAA1AA82085CCDD00B088B3 /* LaunchScreen.storyboard */,
				BFAA1AAB2085CCDD00B088B3 /* Info.plist */,
			);
			path = LoveNews;
			sourceTree = "<group>";
		};
		BFAA1AB32085CCDD00B088B3 /* LoveNewsTests */ = {
			isa = PBXGroup;
			children = (
				BFAA1AB42085CCDD00B088B3 /* LoveNewsTests.swift */,
				BFAA1AB62085CCDD00B088B3 /* Info.plist */,
			);
			path = LoveNewsTests;
			sourceTree = "<group>";
		};
		BFAA1ABE2085CCDD00B088B3 /* LoveNewsUITests */ = {
			isa = PBXGroup;
			children = (
				BFAA1ABF2085CCDD00B088B3 /* LoveNewsUITests.swift */,
				BFAA1AC12085CCDD00B088B3 /* Info.plist */,
			);
			path = LoveNewsUITests;
			sourceTree = "<group>";
		};
		BFAA1ACD2085D1F100B088B3 /* Tabbar */ = {
			isa = PBXGroup;
			children = (
				BFAA1ACE2085D26C00B088B3 /* LNTabBarController.swift */,
			);
			path = Tabbar;
			sourceTree = "<group>";
		};
		BFAA1AD12085D34800B088B3 /* Homepage */ = {
			isa = PBXGroup;
			children = (
				BFCE144A208F00D3003FEB5E /* Controller */,
				BFCE1440208DBC9C003FEB5E /* Model */,
				BFCE143A208DBB8F003FEB5E /* View */,
			);
			path = Homepage;
			sourceTree = "<group>";
		};
		BFAA1AD32085D36000B088B3 /* PersonalCenter */ = {
			isa = PBXGroup;
			children = (
				BFAA1AD72085D4C500B088B3 /* LNPersonalCenterViewController.swift */,
			);
			path = PersonalCenter;
			sourceTree = "<group>";
		};
		BFAA1AD42085D43A00B088B3 /* Mall */ = {
			isa = PBXGroup;
			children = (
				BFAA1AD52085D4A600B088B3 /* LNMallViewController.swift */,
			);
			path = Mall;
			sourceTree = "<group>";
		};
		BFCE143A208DBB8F003FEB5E /* View */ = {
			isa = PBXGroup;
			children = (
				BF443BAC209C4B8C00620154 /* CommentCell */,
				BF443BA9209C46E900620154 /* StoryView */,
				BFA5CD5A209BF2FA004DFA01 /* ActorsView */,
				BF1E99B1209AFA420070A620 /* MovieIntroduceView */,
				BFCE143B208DBB98003FEB5E /* HomeListCell */,
			);
			path = View;
			sourceTree = "<group>";
		};
		BFCE143B208DBB98003FEB5E /* HomeListCell */ = {
			isa = PBXGroup;
			children = (
				BFCE143E208DBC4B003FEB5E /* HomeListCell.swift */,
			);
			path = HomeListCell;
			sourceTree = "<group>";
		};
		BFCE1440208DBC9C003FEB5E /* Model */ = {
			isa = PBXGroup;
			children = (
				BF1682EF209C551600767563 /* LNHotCommentModel.swift */,
				BFCE1441208DBCCA003FEB5E /* HotPlayModel.swift */,
				BF1E99AF209AE3260070A620 /* LNHomeDetailModel.swift */,
			);
			path = Model;
			sourceTree = "<group>";
		};
		BFCE144A208F00D3003FEB5E /* Controller */ = {
			isa = PBXGroup;
			children = (
				BFCE144B208F00D3003FEB5E /* LNHomeViewController.swift */,
				BF1E99A9209AA6980070A620 /* LNHomeDetailController.swift */,
			);
			path = Controller;
			sourceTree = "<group>";
		};
/* End PBXGroup section */

/* Begin PBXNativeTarget section */
		BFAA1A9B2085CCDC00B088B3 /* LoveNews */ = {
			isa = PBXNativeTarget;
			buildConfigurationList = BFAA1AC42085CCDD00B088B3 /* Build configuration list for PBXNativeTarget "LoveNews" */;
			buildPhases = (
				B89DBD8FACC39066079B7436 /* [CP] Check Pods Manifest.lock */,
				BFAA1A982085CCDC00B088B3 /* Sources */,
				BFAA1A992085CCDC00B088B3 /* Frameworks */,
				BFAA1A9A2085CCDC00B088B3 /* Resources */,
				36F14FCC4B942CC7B8906B44 /* [CP] Embed Pods Frameworks */,
			);
			buildRules = (
			);
			dependencies = (
			);
			name = LoveNews;
			productName = LoveNews;
			productReference = BFAA1A9C2085CCDC00B088B3 /* LoveNews.app */;
			productType = "com.apple.product-type.application";
		};
		BFAA1AAF2085CCDD00B088B3 /* LoveNewsTests */ = {
			isa = PBXNativeTarget;
			buildConfigurationList = BFAA1AC72085CCDD00B088B3 /* Build configuration list for PBXNativeTarget "LoveNewsTests" */;
			buildPhases = (
				BFAA1AAC2085CCDD00B088B3 /* Sources */,
				BFAA1AAD2085CCDD00B088B3 /* Frameworks */,
				BFAA1AAE2085CCDD00B088B3 /* Resources */,
			);
			buildRules = (
			);
			dependencies = (
				BFAA1AB22085CCDD00B088B3 /* PBXTargetDependency */,
			);
			name = LoveNewsTests;
			productName = LoveNewsTests;
			productReference = BFAA1AB02085CCDD00B088B3 /* LoveNewsTests.xctest */;
			productType = "com.apple.product-type.bundle.unit-test";
		};
		BFAA1ABA2085CCDD00B088B3 /* LoveNewsUITests */ = {
			isa = PBXNativeTarget;
			buildConfigurationList = BFAA1ACA2085CCDD00B088B3 /* Build configuration list for PBXNativeTarget "LoveNewsUITests" */;
			buildPhases = (
				BFAA1AB72085CCDD00B088B3 /* Sources */,
				BFAA1AB82085CCDD00B088B3 /* Frameworks */,
				BFAA1AB92085CCDD00B088B3 /* Resources */,
			);
			buildRules = (
			);
			dependencies = (
				BFAA1ABD2085CCDD00B088B3 /* PBXTargetDependency */,
			);
			name = LoveNewsUITests;
			productName = LoveNewsUITests;
			productReference = BFAA1ABB2085CCDD00B088B3 /* LoveNewsUITests.xctest */;
			productType = "com.apple.product-type.bundle.ui-testing";
		};
/* End PBXNativeTarget section */

/* Begin PBXProject section */
		BFAA1A942085CCDB00B088B3 /* Project object */ = {
			isa = PBXProject;
			attributes = {
				CLASSPREFIX = LN;
				LastSwiftUpdateCheck = 0930;
				LastUpgradeCheck = 0930;
				ORGANIZATIONNAME = ygz;
				TargetAttributes = {
					BFAA1A9B2085CCDC00B088B3 = {
						CreatedOnToolsVersion = 9.3;
						LastSwiftMigration = 0930;
					};
					BFAA1AAF2085CCDD00B088B3 = {
						CreatedOnToolsVersion = 9.3;
						TestTargetID = BFAA1A9B2085CCDC00B088B3;
					};
					BFAA1ABA2085CCDD00B088B3 = {
						CreatedOnToolsVersion = 9.3;
						TestTargetID = BFAA1A9B2085CCDC00B088B3;
					};
				};
			};
			buildConfigurationList = BFAA1A972085CCDB00B088B3 /* Build configuration list for PBXProject "LoveNews" */;
			compatibilityVersion = "Xcode 9.3";
			developmentRegion = en;
			hasScannedForEncodings = 0;
			knownRegions = (
				en,
				Base,
			);
			mainGroup = BFAA1A932085CCDB00B088B3;
			productRefGroup = BFAA1A9D2085CCDC00B088B3 /* Products */;
			projectDirPath = "";
			projectRoot = "";
			targets = (
				BFAA1A9B2085CCDC00B088B3 /* LoveNews */,
				BFAA1AAF2085CCDD00B088B3 /* LoveNewsTests */,
				BFAA1ABA2085CCDD00B088B3 /* LoveNewsUITests */,
			);
		};
/* End PBXProject section */

/* Begin PBXResourcesBuildPhase section */
		BFAA1A9A2085CCDC00B088B3 /* Resources */ = {
			isa = PBXResourcesBuildPhase;
			buildActionMask = 2147483647;
			files = (
				BF9F49CA209424150001F43D /* icon_pull_to_refresh_arrow@2x.png in Resources */,
				BFAA1AAA2085CCDD00B088B3 /* LaunchScreen.storyboard in Resources */,
				BFAA1AA72085CCDD00B088B3 /* Assets.xcassets in Resources */,
			);
			runOnlyForDeploymentPostprocessing = 0;
		};
		BFAA1AAE2085CCDD00B088B3 /* Resources */ = {
			isa = PBXResourcesBuildPhase;
			buildActionMask = 2147483647;
			files = (
			);
			runOnlyForDeploymentPostprocessing = 0;
		};
		BFAA1AB92085CCDD00B088B3 /* Resources */ = {
			isa = PBXResourcesBuildPhase;
			buildActionMask = 2147483647;
			files = (
			);
			runOnlyForDeploymentPostprocessing = 0;
		};
/* End PBXResourcesBuildPhase section */

/* Begin PBXShellScriptBuildPhase section */
		36F14FCC4B942CC7B8906B44 /* [CP] Embed Pods Frameworks */ = {
			isa = PBXShellScriptBuildPhase;
			buildActionMask = 2147483647;
			files = (
			);
			inputPaths = (
				"${SRCROOT}/Pods/Target Support Files/Pods-LoveNews/Pods-LoveNews-frameworks.sh",
				"${BUILT_PRODUCTS_DIR}/Alamofire/Alamofire.framework",
				"${BUILT_PRODUCTS_DIR}/AlamofireImage/AlamofireImage.framework",
				"${BUILT_PRODUCTS_DIR}/AlamofireObjectMapper/AlamofireObjectMapper.framework",
				"${BUILT_PRODUCTS_DIR}/MBProgressHUD/MBProgressHUD.framework",
				"${BUILT_PRODUCTS_DIR}/Masonry/Masonry.framework",
				"${BUILT_PRODUCTS_DIR}/ObjectMapper/ObjectMapper.framework",
			);
			name = "[CP] Embed Pods Frameworks";
			outputPaths = (
				"${TARGET_BUILD_DIR}/${FRAMEWORKS_FOLDER_PATH}/Alamofire.framework",
				"${TARGET_BUILD_DIR}/${FRAMEWORKS_FOLDER_PATH}/AlamofireImage.framework",
				"${TARGET_BUILD_DIR}/${FRAMEWORKS_FOLDER_PATH}/AlamofireObjectMapper.framework",
				"${TARGET_BUILD_DIR}/${FRAMEWORKS_FOLDER_PATH}/MBProgressHUD.framework",
				"${TARGET_BUILD_DIR}/${FRAMEWORKS_FOLDER_PATH}/Masonry.framework",
				"${TARGET_BUILD_DIR}/${FRAMEWORKS_FOLDER_PATH}/ObjectMapper.framework",
			);
			runOnlyForDeploymentPostprocessing = 0;
			shellPath = /bin/sh;
			shellScript = "\"${SRCROOT}/Pods/Target Support Files/Pods-LoveNews/Pods-LoveNews-frameworks.sh\"\n";
			showEnvVarsInLog = 0;
		};
		B89DBD8FACC39066079B7436 /* [CP] Check Pods Manifest.lock */ = {
			isa = PBXShellScriptBuildPhase;
			buildActionMask = 2147483647;
			files = (
			);
			inputPaths = (
				"${PODS_PODFILE_DIR_PATH}/Podfile.lock",
				"${PODS_ROOT}/Manifest.lock",
			);
			name = "[CP] Check Pods Manifest.lock";
			outputPaths = (
				"$(DERIVED_FILE_DIR)/Pods-LoveNews-checkManifestLockResult.txt",
			);
			runOnlyForDeploymentPostprocessing = 0;
			shellPath = /bin/sh;
			shellScript = "diff \"${PODS_PODFILE_DIR_PATH}/Podfile.lock\" \"${PODS_ROOT}/Manifest.lock\" > /dev/null\nif [ $? != 0 ] ; then\n    # print error to STDERR\n    echo \"error: The sandbox is not in sync with the Podfile.lock. Run 'pod install' or update your CocoaPods installation.\" >&2\n    exit 1\nfi\n# This output is used by Xcode 'outputs' to avoid re-running this script phase.\necho \"SUCCESS\" > \"${SCRIPT_OUTPUT_FILE_0}\"\n";
			showEnvVarsInLog = 0;
		};
/* End PBXShellScriptBuildPhase section */

/* Begin PBXSourcesBuildPhase section */
		BFAA1A982085CCDC00B088B3 /* Sources */ = {
			isa = PBXSourcesBuildPhase;
			buildActionMask = 2147483647;
			files = (
				BF1E99B5209B177B0070A620 /* String+Category.swift in Sources */,
				BFCE1442208DBCCA003FEB5E /* HotPlayModel.swift in Sources */,
				BF443BAB209C471700620154 /* LNStoryView.swift in Sources */,
				BFAA1AD62085D4A600B088B3 /* LNMallViewController.swift in Sources */,
				BF443BAE209C4C7300620154 /* LNCommentCell.swift in Sources */,
				BF443BA6209BFFCD00620154 /* LNActorsItemView.swift in Sources */,
				BFAA1AA22085CCDC00B088B3 /* ViewController.swift in Sources */,
				BF16830020A0217500767563 /* LNLiveModel.swift in Sources */,
				BF9F49B6209415C80001F43D /* DRCGlobalDefine.swift in Sources */,
				BF9F49C8209424150001F43D /* ESRefreshAnimator.swift in Sources */,
				BFCE143F208DBC4B003FEB5E /* HomeListCell.swift in Sources */,
				BF9F49C5209424150001F43D /* ESPullToRefresh.swift in Sources */,
				BF9F49C9209424150001F43D /* ESRefreshHeaderAnimator.swift in Sources */,
				BFA5CD5C209BF319004DFA01 /* LNActorsView.swift in Sources */,
				BFAA1AD82085D4C500B088B3 /* LNPersonalCenterViewController.swift in Sources */,
				BFAA1ACF2085D26C00B088B3 /* LNTabBarController.swift in Sources */,
				BF9F49C6209424150001F43D /* ESRefreshProtocol.swift in Sources */,
				BF443BA4209BFAD900620154 /* UIView +Category.swift in Sources */,
				BF1E99B0209AE3260070A620 /* LNHomeDetailModel.swift in Sources */,
				BF9F49B8209417BA0001F43D /* UIColor+Category.swift in Sources */,
				BF1682F0209C551600767563 /* LNHotCommentModel.swift in Sources */,
				BFAA1AA02085CCDC00B088B3 /* AppDelegate.swift in Sources */,
				BF1E99AA209AA6980070A620 /* LNHomeDetailController.swift in Sources */,
				BFCE144C208F00D3003FEB5E /* LNHomeViewController.swift in Sources */,
				BF9F49CB209424150001F43D /* ESRefreshFooterAnimator.swift in Sources */,
				BF1E99AE209ADC820070A620 /* LNBaseViewController.swift in Sources */,
				BF9F49C7209424150001F43D /* ESRefreshComponent.swift in Sources */,
				BF9F49C4209424150001F43D /* ES.swift in Sources */,
				BF9F49D120945D280001F43D /* LNVideoViewController.swift in Sources */,
				BF1E99B3209AFAB40070A620 /* LNMovieItroduceView.swift in Sources */,
				BF9F49CC209424150001F43D /* ESPullToRefresh+Manager.swift in Sources */,
				BF1682FD209FEF4A00767563 /* LNVideoCollectionViewCell.swift in Sources */,
			);
			runOnlyForDeploymentPostprocessing = 0;
		};
		BFAA1AAC2085CCDD00B088B3 /* Sources */ = {
			isa = PBXSourcesBuildPhase;
			buildActionMask = 2147483647;
			files = (
				BFAA1AB52085CCDD00B088B3 /* LoveNewsTests.swift in Sources */,
			);
			runOnlyForDeploymentPostprocessing = 0;
		};
		BFAA1AB72085CCDD00B088B3 /* Sources */ = {
			isa = PBXSourcesBuildPhase;
			buildActionMask = 2147483647;
			files = (
				BFAA1AC02085CCDD00B088B3 /* LoveNewsUITests.swift in Sources */,
			);
			runOnlyForDeploymentPostprocessing = 0;
		};
/* End PBXSourcesBuildPhase section */

/* Begin PBXTargetDependency section */
		BFAA1AB22085CCDD00B088B3 /* PBXTargetDependency */ = {
			isa = PBXTargetDependency;
			target = BFAA1A9B2085CCDC00B088B3 /* LoveNews */;
			targetProxy = BFAA1AB12085CCDD00B088B3 /* PBXContainerItemProxy */;
		};
		BFAA1ABD2085CCDD00B088B3 /* PBXTargetDependency */ = {
			isa = PBXTargetDependency;
			target = BFAA1A9B2085CCDC00B088B3 /* LoveNews */;
			targetProxy = BFAA1ABC2085CCDD00B088B3 /* PBXContainerItemProxy */;
		};
/* End PBXTargetDependency section */

/* Begin PBXVariantGroup section */
		BFAA1AA82085CCDD00B088B3 /* LaunchScreen.storyboard */ = {
			isa = PBXVariantGroup;
			children = (
				BFAA1AA92085CCDD00B088B3 /* Base */,
			);
			name = LaunchScreen.storyboard;
			sourceTree = "<group>";
		};
/* End PBXVariantGroup section */

/* Begin XCBuildConfiguration section */
		BFAA1AC22085CCDD00B088B3 /* Debug */ = {
			isa = XCBuildConfiguration;
			buildSettings = {
				ALWAYS_SEARCH_USER_PATHS = NO;
				CLANG_ANALYZER_NONNULL = YES;
				CLANG_ANALYZER_NUMBER_OBJECT_CONVERSION = YES_AGGRESSIVE;
				CLANG_CXX_LANGUAGE_STANDARD = "gnu++14";
				CLANG_CXX_LIBRARY = "libc++";
				CLANG_ENABLE_MODULES = YES;
				CLANG_ENABLE_OBJC_ARC = YES;
				CLANG_ENABLE_OBJC_WEAK = YES;
				CLANG_WARN_BLOCK_CAPTURE_AUTORELEASING = YES;
				CLANG_WARN_BOOL_CONVERSION = YES;
				CLANG_WARN_COMMA = YES;
				CLANG_WARN_CONSTANT_CONVERSION = YES;
				CLANG_WARN_DEPRECATED_OBJC_IMPLEMENTATIONS = YES;
				CLANG_WARN_DIRECT_OBJC_ISA_USAGE = YES_ERROR;
				CLANG_WARN_DOCUMENTATION_COMMENTS = YES;
				CLANG_WARN_EMPTY_BODY = YES;
				CLANG_WARN_ENUM_CONVERSION = YES;
				CLANG_WARN_INFINITE_RECURSION = YES;
				CLANG_WARN_INT_CONVERSION = YES;
				CLANG_WARN_NON_LITERAL_NULL_CONVERSION = YES;
				CLANG_WARN_OBJC_IMPLICIT_RETAIN_SELF = YES;
				CLANG_WARN_OBJC_LITERAL_CONVERSION = YES;
				CLANG_WARN_OBJC_ROOT_CLASS = YES_ERROR;
				CLANG_WARN_RANGE_LOOP_ANALYSIS = YES;
				CLANG_WARN_STRICT_PROTOTYPES = YES;
				CLANG_WARN_SUSPICIOUS_MOVE = YES;
				CLANG_WARN_UNGUARDED_AVAILABILITY = YES_AGGRESSIVE;
				CLANG_WARN_UNREACHABLE_CODE = YES;
				CLANG_WARN__DUPLICATE_METHOD_MATCH = YES;
				CODE_SIGN_IDENTITY = "iPhone Developer";
				COPY_PHASE_STRIP = NO;
				DEBUG_INFORMATION_FORMAT = dwarf;
				ENABLE_STRICT_OBJC_MSGSEND = YES;
				ENABLE_TESTABILITY = YES;
				GCC_C_LANGUAGE_STANDARD = gnu11;
				GCC_DYNAMIC_NO_PIC = NO;
				GCC_NO_COMMON_BLOCKS = YES;
				GCC_OPTIMIZATION_LEVEL = 0;
				GCC_PREPROCESSOR_DEFINITIONS = (
					"DEBUG=1",
					"$(inherited)",
				);
				GCC_WARN_64_TO_32_BIT_CONVERSION = YES;
				GCC_WARN_ABOUT_RETURN_TYPE = YES_ERROR;
				GCC_WARN_UNDECLARED_SELECTOR = YES;
				GCC_WARN_UNINITIALIZED_AUTOS = YES_AGGRESSIVE;
				GCC_WARN_UNUSED_FUNCTION = YES;
				GCC_WARN_UNUSED_VARIABLE = YES;
				IPHONEOS_DEPLOYMENT_TARGET = 8.0;
				MTL_ENABLE_DEBUG_INFO = YES;
				ONLY_ACTIVE_ARCH = YES;
				SDKROOT = iphoneos;
				SWIFT_ACTIVE_COMPILATION_CONDITIONS = DEBUG;
				SWIFT_OPTIMIZATION_LEVEL = "-Onone";
			};
			name = Debug;
		};
		BFAA1AC32085CCDD00B088B3 /* Release */ = {
			isa = XCBuildConfiguration;
			buildSettings = {
				ALWAYS_SEARCH_USER_PATHS = NO;
				CLANG_ANALYZER_NONNULL = YES;
				CLANG_ANALYZER_NUMBER_OBJECT_CONVERSION = YES_AGGRESSIVE;
				CLANG_CXX_LANGUAGE_STANDARD = "gnu++14";
				CLANG_CXX_LIBRARY = "libc++";
				CLANG_ENABLE_MODULES = YES;
				CLANG_ENABLE_OBJC_ARC = YES;
				CLANG_ENABLE_OBJC_WEAK = YES;
				CLANG_WARN_BLOCK_CAPTURE_AUTORELEASING = YES;
				CLANG_WARN_BOOL_CONVERSION = YES;
				CLANG_WARN_COMMA = YES;
				CLANG_WARN_CONSTANT_CONVERSION = YES;
				CLANG_WARN_DEPRECATED_OBJC_IMPLEMENTATIONS = YES;
				CLANG_WARN_DIRECT_OBJC_ISA_USAGE = YES_ERROR;
				CLANG_WARN_DOCUMENTATION_COMMENTS = YES;
				CLANG_WARN_EMPTY_BODY = YES;
				CLANG_WARN_ENUM_CONVERSION = YES;
				CLANG_WARN_INFINITE_RECURSION = YES;
				CLANG_WARN_INT_CONVERSION = YES;
				CLANG_WARN_NON_LITERAL_NULL_CONVERSION = YES;
				CLANG_WARN_OBJC_IMPLICIT_RETAIN_SELF = YES;
				CLANG_WARN_OBJC_LITERAL_CONVERSION = YES;
				CLANG_WARN_OBJC_ROOT_CLASS = YES_ERROR;
				CLANG_WARN_RANGE_LOOP_ANALYSIS = YES;
				CLANG_WARN_STRICT_PROTOTYPES = YES;
				CLANG_WARN_SUSPICIOUS_MOVE = YES;
				CLANG_WARN_UNGUARDED_AVAILABILITY = YES_AGGRESSIVE;
				CLANG_WARN_UNREACHABLE_CODE = YES;
				CLANG_WARN__DUPLICATE_METHOD_MATCH = YES;
				CODE_SIGN_IDENTITY = "iPhone Developer";
				COPY_PHASE_STRIP = NO;
				DEBUG_INFORMATION_FORMAT = "dwarf-with-dsym";
				ENABLE_NS_ASSERTIONS = NO;
				ENABLE_STRICT_OBJC_MSGSEND = YES;
				GCC_C_LANGUAGE_STANDARD = gnu11;
				GCC_NO_COMMON_BLOCKS = YES;
				GCC_WARN_64_TO_32_BIT_CONVERSION = YES;
				GCC_WARN_ABOUT_RETURN_TYPE = YES_ERROR;
				GCC_WARN_UNDECLARED_SELECTOR = YES;
				GCC_WARN_UNINITIALIZED_AUTOS = YES_AGGRESSIVE;
				GCC_WARN_UNUSED_FUNCTION = YES;
				GCC_WARN_UNUSED_VARIABLE = YES;
				IPHONEOS_DEPLOYMENT_TARGET = 8.0;
				MTL_ENABLE_DEBUG_INFO = NO;
				SDKROOT = iphoneos;
				SWIFT_COMPILATION_MODE = wholemodule;
				SWIFT_OPTIMIZATION_LEVEL = "-O";
				VALIDATE_PRODUCT = YES;
			};
			name = Release;
		};
		BFAA1AC52085CCDD00B088B3 /* Debug */ = {
			isa = XCBuildConfiguration;
			baseConfigurationReference = 9F2088907641687F1C17F101 /* Pods-LoveNews.debug.xcconfig */;
			buildSettings = {
				ASSETCATALOG_COMPILER_APPICON_NAME = AppIcon;
				ASSETCATALOG_COMPILER_LAUNCHIMAGE_NAME = LaunchImage;
				CLANG_ENABLE_MODULES = YES;
				CODE_SIGN_STYLE = Automatic;
				DEVELOPMENT_TEAM = G8M2Y8YPCJ;
				INFOPLIST_FILE = LoveNews/Info.plist;
				IPHONEOS_DEPLOYMENT_TARGET = 8.0;
				LD_RUNPATH_SEARCH_PATHS = (
					"$(inherited)",
					"@executable_path/Frameworks",
				);
				PRODUCT_BUNDLE_IDENTIFIER = com.ygz.LoveNews;
				PRODUCT_NAME = "$(TARGET_NAME)";
				SWIFT_OBJC_BRIDGING_HEADER = "LoveNews/Common/Define/LoveNews-Bridging-Header.h";
				SWIFT_OPTIMIZATION_LEVEL = "-Onone";
				SWIFT_VERSION = 4.0;
				TARGETED_DEVICE_FAMILY = "1,2";
			};
			name = Debug;
		};
		BFAA1AC62085CCDD00B088B3 /* Release */ = {
			isa = XCBuildConfiguration;
			baseConfigurationReference = EDF3A2260EB8908D2915F994 /* Pods-LoveNews.release.xcconfig */;
			buildSettings = {
				ASSETCATALOG_COMPILER_APPICON_NAME = AppIcon;
				ASSETCATALOG_COMPILER_LAUNCHIMAGE_NAME = LaunchImage;
				CLANG_ENABLE_MODULES = YES;
				CODE_SIGN_STYLE = Automatic;
				DEVELOPMENT_TEAM = G8M2Y8YPCJ;
				INFOPLIST_FILE = LoveNews/Info.plist;
				IPHONEOS_DEPLOYMENT_TARGET = 8.0;
				LD_RUNPATH_SEARCH_PATHS = (
					"$(inherited)",
					"@executable_path/Frameworks",
				);
				PRODUCT_BUNDLE_IDENTIFIER = com.ygz.LoveNews;
				PRODUCT_NAME = "$(TARGET_NAME)";
				SWIFT_OBJC_BRIDGING_HEADER = "LoveNews/Common/Define/LoveNews-Bridging-Header.h";
				SWIFT_VERSION = 4.0;
				TARGETED_DEVICE_FAMILY = "1,2";
			};
			name = Release;
		};
		BFAA1AC82085CCDD00B088B3 /* Debug */ = {
			isa = XCBuildConfiguration;
			buildSettings = {
				ALWAYS_EMBED_SWIFT_STANDARD_LIBRARIES = YES;
				BUNDLE_LOADER = "$(TEST_HOST)";
				CODE_SIGN_STYLE = Automatic;
				DEVELOPMENT_TEAM = G8M2Y8YPCJ;
				INFOPLIST_FILE = LoveNewsTests/Info.plist;
				LD_RUNPATH_SEARCH_PATHS = (
					"$(inherited)",
					"@executable_path/Frameworks",
					"@loader_path/Frameworks",
				);
				PRODUCT_BUNDLE_IDENTIFIER = com.LoveNewsTests;
				PRODUCT_NAME = "$(TARGET_NAME)";
				SWIFT_VERSION = 4.0;
				TARGETED_DEVICE_FAMILY = "1,2";
				TEST_HOST = "$(BUILT_PRODUCTS_DIR)/LoveNews.app/LoveNews";
			};
			name = Debug;
		};
		BFAA1AC92085CCDD00B088B3 /* Release */ = {
			isa = XCBuildConfiguration;
			buildSettings = {
				ALWAYS_EMBED_SWIFT_STANDARD_LIBRARIES = YES;
				BUNDLE_LOADER = "$(TEST_HOST)";
				CODE_SIGN_STYLE = Automatic;
				DEVELOPMENT_TEAM = G8M2Y8YPCJ;
				INFOPLIST_FILE = LoveNewsTests/Info.plist;
				LD_RUNPATH_SEARCH_PATHS = (
					"$(inherited)",
					"@executable_path/Frameworks",
					"@loader_path/Frameworks",
				);
				PRODUCT_BUNDLE_IDENTIFIER = com.LoveNewsTests;
				PRODUCT_NAME = "$(TARGET_NAME)";
				SWIFT_VERSION = 4.0;
				TARGETED_DEVICE_FAMILY = "1,2";
				TEST_HOST = "$(BUILT_PRODUCTS_DIR)/LoveNews.app/LoveNews";
			};
			name = Release;
		};
		BFAA1ACB2085CCDD00B088B3 /* Debug */ = {
			isa = XCBuildConfiguration;
			buildSettings = {
				ALWAYS_EMBED_SWIFT_STANDARD_LIBRARIES = YES;
				CODE_SIGN_STYLE = Automatic;
				DEVELOPMENT_TEAM = G8M2Y8YPCJ;
				INFOPLIST_FILE = LoveNewsUITests/Info.plist;
				LD_RUNPATH_SEARCH_PATHS = (
					"$(inherited)",
					"@executable_path/Frameworks",
					"@loader_path/Frameworks",
				);
				PRODUCT_BUNDLE_IDENTIFIER = com.LoveNewsUITests;
				PRODUCT_NAME = "$(TARGET_NAME)";
				SWIFT_VERSION = 4.0;
				TARGETED_DEVICE_FAMILY = "1,2";
				TEST_TARGET_NAME = LoveNews;
			};
			name = Debug;
		};
		BFAA1ACC2085CCDD00B088B3 /* Release */ = {
			isa = XCBuildConfiguration;
			buildSettings = {
				ALWAYS_EMBED_SWIFT_STANDARD_LIBRARIES = YES;
				CODE_SIGN_STYLE = Automatic;
				DEVELOPMENT_TEAM = G8M2Y8YPCJ;
				INFOPLIST_FILE = LoveNewsUITests/Info.plist;
				LD_RUNPATH_SEARCH_PATHS = (
					"$(inherited)",
					"@executable_path/Frameworks",
					"@loader_path/Frameworks",
				);
				PRODUCT_BUNDLE_IDENTIFIER = com.LoveNewsUITests;
				PRODUCT_NAME = "$(TARGET_NAME)";
				SWIFT_VERSION = 4.0;
				TARGETED_DEVICE_FAMILY = "1,2";
				TEST_TARGET_NAME = LoveNews;
			};
			name = Release;
		};
/* End XCBuildConfiguration section */

/* Begin XCConfigurationList section */
		BFAA1A972085CCDB00B088B3 /* Build configuration list for PBXProject "LoveNews" */ = {
			isa = XCConfigurationList;
			buildConfigurations = (
				BFAA1AC22085CCDD00B088B3 /* Debug */,
				BFAA1AC32085CCDD00B088B3 /* Release */,
			);
			defaultConfigurationIsVisible = 0;
			defaultConfigurationName = Release;
		};
		BFAA1AC42085CCDD00B088B3 /* Build configuration list for PBXNativeTarget "LoveNews" */ = {
			isa = XCConfigurationList;
			buildConfigurations = (
				BFAA1AC52085CCDD00B088B3 /* Debug */,
				BFAA1AC62085CCDD00B088B3 /* Release */,
			);
			defaultConfigurationIsVisible = 0;
			defaultConfigurationName = Release;
		};
		BFAA1AC72085CCDD00B088B3 /* Build configuration list for PBXNativeTarget "LoveNewsTests" */ = {
			isa = XCConfigurationList;
			buildConfigurations = (
				BFAA1AC82085CCDD00B088B3 /* Debug */,
				BFAA1AC92085CCDD00B088B3 /* Release */,
			);
			defaultConfigurationIsVisible = 0;
			defaultConfigurationName = Release;
		};
		BFAA1ACA2085CCDD00B088B3 /* Build configuration list for PBXNativeTarget "LoveNewsUITests" */ = {
			isa = XCConfigurationList;
			buildConfigurations = (
				BFAA1ACB2085CCDD00B088B3 /* Debug */,
				BFAA1ACC2085CCDD00B088B3 /* Release */,
			);
			defaultConfigurationIsVisible = 0;
			defaultConfigurationName = Release;
		};
/* End XCConfigurationList section */
	};
	rootObject = BFAA1A942085CCDB00B088B3 /* Project object */;
}
